{
  "nodes": {
    "flake-utils": {
      "locked": {
        "lastModified": 1634851050,
        "narHash": "sha256-N83GlSGPJJdcqhUxSCS/WwW5pksYf3VP1M13cDRTSVA=",
        "owner": "numtide",
        "repo": "flake-utils",
        "rev": "c91f3de5adaf1de973b797ef7485e441a65b8935",
        "type": "github"
      },
      "original": {
        "owner": "numtide",
        "repo": "flake-utils",
        "type": "github"
      }
    },
    "netkit": {
      "inputs": {
        "flake-utils": "flake-utils",
        "nixpkgs": "nixpkgs"
      },
      "locked": {
        "lastModified": 1637122807,
        "narHash": "sha256-Weq88GJdmhywxjblECQmSXVioFHdsA94g6lPH7NDRsE=",
        "owner": "icebox-nix",
        "repo": "netkit.nix",
        "rev": "29f750af4fabee7b8eccb5ab00df7074b73c7658",
        "type": "github"
      },
      "original": {
        "owner": "icebox-nix",
        "repo": "netkit.nix",
        "type": "github"
      }
    },
    "nixpkgs": {
      "locked": {
        "lastModified": 1636800699,
        "narHash": "sha256-SwbyVxXffu3G2ulJIbTf0iQfqhbGbdml4Dyv5j9BiAI=",
        "owner": "NixOS",
        "repo": "nixpkgs",
        "rev": "2fa862644fc15ecb525eb8cd0a60276f1c340c7c",
        "type": "github"
      },
      "original": {
        "owner": "NixOS",
        "ref": "nixos-unstable",
        "repo": "nixpkgs",
        "type": "github"
      }
    },
    "nixpkgs-unstable": {
      "locked": {
        "lastModified": 1667142599,
        "narHash": "sha256-OLJxsg9VqfKjFkerOxWtNIkibsCvxsv5A8wNWO1MeWk=",
        "owner": "NixOS",
        "repo": "nixpkgs",
        "rev": "412b9917cea092f3d39f9cd5dead4effd5bc4053",
        "type": "github"
      },
      "original": {
        "id": "nixpkgs",
        "ref": "nixos-unstable",
        "type": "indirect"
      }
    },
    "nixpkgs_2": {
      "locked": {
        "lastModified": 1659446231,
        "narHash": "sha256-hekabNdTdgR/iLsgce5TGWmfIDZ86qjPhxDg/8TlzhE=",
        "owner": "NixOS",
        "repo": "nixpkgs",
        "rev": "eabc38219184cc3e04a974fe31857d8e0eac098d",
        "type": "github"
      },
      "original": {
        "id": "nixpkgs",
        "ref": "nixos-21.11",
        "type": "indirect"
      }
    },
    "root": {
      "inputs": {
        "netkit": "netkit",
        "nixpkgs": "nixpkgs_2",
        "nixpkgs-unstable": "nixpkgs-unstable"
      }
    }
  },
  "root": "root",
  "version": 7
}
